
Microsoft Visual Studio Solution File, Format Version 12.00
# Visual Studio Version 17
VisualStudioVersion = 17.14.36616.10
MinimumVisualStudioVersion = 10.0.40219.1
Project("{FAE04EC0-301F-11D3-BF4B-00C04F79EFBC}") = "eFood.API", "eFood.API\eFood.API.csproj", "{19E05F04-677D-4837-8FB2-CBD2FADF39F9}"
EndProject
Project("{FAE04EC0-301F-11D3-BF4B-00C04F79EFBC}") = "eFood.Model", "eFood.Model\eFood.Model.csproj", "{A1E55CDD-A6FF-430F-9B18-E88E329F9A34}"
EndProject
Project("{FAE04EC0-301F-11D3-BF4B-00C04F79EFBC}") = "eFood.Services", "eFood.Services\eFood.Services.csproj", "{CED86543-4F97-452A-826D-48DB57346415}"
EndProject
Project("{FAE04EC0-301F-11D3-BF4B-00C04F79EFBC}") = "eFood.Subscriber", "eFood.Subscriber\eFood.Subscriber.csproj", "{72F03EA4-88F0-42DA-9D40-61114D1B911B}"
EndProject
Global
	GlobalSection(SolutionConfigurationPlatforms) = preSolution
		Debug|Any CPU = Debug|Any CPU
		Release|Any CPU = Release|Any CPU
	EndGlobalSection
	GlobalSection(ProjectConfigurationPlatforms) = postSolution
		{19E05F04-677D-4837-8FB2-CBD2FADF39F9}.Debug|Any CPU.ActiveCfg = Debug|Any CPU
		{19E05F04-677D-4837-8FB2-CBD2FADF39F9}.Debug|Any CPU.Build.0 = Debug|Any CPU
		{19E05F04-677D-4837-8FB2-CBD2FADF39F9}.Release|Any CPU.ActiveCfg = Release|Any CPU
		{19E05F04-677D-4837-8FB2-CBD2FADF39F9}.Release|Any CPU.Build.0 = Release|Any CPU
		{A1E55CDD-A6FF-430F-9B18-E88E329F9A34}.Debug|Any CPU.ActiveCfg = Debug|Any CPU
		{A1E55CDD-A6FF-430F-9B18-E88E329F9A34}.Debug|Any CPU.Build.0 = Debug|Any CPU
		{A1E55CDD-A6FF-430F-9B18-E88E329F9A34}.Release|Any CPU.ActiveCfg = Release|Any CPU
		{A1E55CDD-A6FF-430F-9B18-E88E329F9A34}.Release|Any CPU.Build.0 = Release|Any CPU
		{CED86543-4F97-452A-826D-48DB57346415}.Debug|Any CPU.ActiveCfg = Debug|Any CPU
		{CED86543-4F97-452A-826D-48DB57346415}.Debug|Any CPU.Build.0 = Debug|Any CPU
		{CED86543-4F97-452A-826D-48DB57346415}.Release|Any CPU.ActiveCfg = Release|Any CPU
		{CED86543-4F97-452A-826D-48DB57346415}.Release|Any CPU.Build.0 = Release|Any CPU
		{72F03EA4-88F0-42DA-9D40-61114D1B911B}.Debug|Any CPU.ActiveCfg = Debug|Any CPU
		{72F03EA4-88F0-42DA-9D40-61114D1B911B}.Debug|Any CPU.Build.0 = Debug|Any CPU
		{72F03EA4-88F0-42DA-9D40-61114D1B911B}.Release|Any CPU.ActiveCfg = Release|Any CPU
		{72F03EA4-88F0-42DA-9D40-61114D1B911B}.Release|Any CPU.Build.0 = Release|Any CPU
	EndGlobalSection
	GlobalSection(SolutionProperties) = preSolution
		HideSolutionNode = FALSE
	EndGlobalSection
	GlobalSection(ExtensibilityGlobals) = postSolution
		SolutionGuid = {72957631-60AC-4CB2-BF39-3EDDE6C45D60}
	EndGlobalSection
EndGlobal
